
Microsoft Visual Studio Solution File, Format Version 12.00
# Visual Studio Version 17
VisualStudioVersion = 17.13.35731.43 d17.13
MinimumVisualStudioVersion = 10.0.40219.1
Project("{FAE04EC0-301F-11D3-BF4B-00C04F79EFBC}") = "AUTHApi", "AUTHApi\AUTHApi.csproj", "{9502B342-735B-4772-BF8E-FE7858C8363B}"
EndProject
Global
	GlobalSection(SolutionConfigurationPlatforms) = preSolution
		Debug|Any CPU = Debug|Any CPU
		Release|Any CPU = Release|Any CPU
	EndGlobalSection
	GlobalSection(ProjectConfigurationPlatforms) = postSolution
		{9502B342-735B-4772-BF8E-FE7858C8363B}.Debug|Any CPU.ActiveCfg = Debug|Any CPU
		{9502B342-735B-4772-BF8E-FE7858C8363B}.Debug|Any CPU.Build.0 = Debug|Any CPU
		{9502B342-735B-4772-BF8E-FE7858C8363B}.Release|Any CPU.ActiveCfg = Release|Any CPU
		{9502B342-735B-4772-BF8E-FE7858C8363B}.Release|Any CPU.Build.0 = Release|Any CPU
	EndGlobalSection
	GlobalSection(SolutionProperties) = preSolution
		HideSolutionNode = FALSE
	EndGlobalSection
	GlobalSection(ExtensibilityGlobals) = postSolution
		SolutionGuid = {4EE020D6-72C1-4929-9335-7A36796D6D39}
	EndGlobalSection
EndGlobal
